
Microsoft Visual Studio Solution File, Format Version 12.00
# Visual Studio Version 17
VisualStudioVersion = 17.8.34330.188
MinimumVisualStudioVersion = 10.0.40219.1
Project("{FAE04EC0-301F-11D3-BF4B-00C04F79EFBC}") = "TestGoogleAds", "TestGoogleAds\TestGoogleAds.csproj", "{63DC7651-3B4F-4B52-8625-3FC0FE650E13}"
EndProject
Global
	GlobalSection(SolutionConfigurationPlatforms) = preSolution
		Debug|Any CPU = Debug|Any CPU
		Release|Any CPU = Release|Any CPU
	EndGlobalSection
	GlobalSection(ProjectConfigurationPlatforms) = postSolution
		{63DC7651-3B4F-4B52-8625-3FC0FE650E13}.Debug|Any CPU.ActiveCfg = Debug|Any CPU
		{63DC7651-3B4F-4B52-8625-3FC0FE650E13}.Debug|Any CPU.Build.0 = Debug|Any CPU
		{63DC7651-3B4F-4B52-8625-3FC0FE650E13}.Debug|Any CPU.Deploy.0 = Debug|Any CPU
		{63DC7651-3B4F-4B52-8625-3FC0FE650E13}.Release|Any CPU.ActiveCfg = Release|Any CPU
		{63DC7651-3B4F-4B52-8625-3FC0FE650E13}.Release|Any CPU.Build.0 = Release|Any CPU
		{63DC7651-3B4F-4B52-8625-3FC0FE650E13}.Release|Any CPU.Deploy.0 = Release|Any CPU
	EndGlobalSection
	GlobalSection(SolutionProperties) = preSolution
		HideSolutionNode = FALSE
	EndGlobalSection
	GlobalSection(ExtensibilityGlobals) = postSolution
		SolutionGuid = {1F9A1E9D-7580-40E8-B93A-CCF343492198}
	EndGlobalSection
EndGlobal
